// !$*UTF8*$!
{
	archiveVersion = 1;
	classes = {
	};
	objectVersion = 52;
	objects = {

/* Begin PBXBuildFile section */
		4EACBD2FC53F68DFF2E8C909 /* Pods_dicoding_expert_dicoding_expertUITests.framework in Frameworks */ = {isa = PBXBuildFile; fileRef = EA81C8B6323AFC8BFC68FDB9 /* Pods_dicoding_expert_dicoding_expertUITests.framework */; };
		C964576CC0DAC8E09FEDAB21 /* Pods_dicoding_expertTests.framework in Frameworks */ = {isa = PBXBuildFile; fileRef = 8EC194722B2FDDAF8F62DB99 /* Pods_dicoding_expertTests.framework */; };
		CE009D6126E224F3006F2EEB /* Pods_dicoding_expert.framework in Frameworks */ = {isa = PBXBuildFile; fileRef = 21AACD34D6EFB19B631BBE53 /* Pods_dicoding_expert.framework */; };
		CE009D6226E224F3006F2EEB /* Pods_dicoding_expert.framework in Embed Frameworks */ = {isa = PBXBuildFile; fileRef = 21AACD34D6EFB19B631BBE53 /* Pods_dicoding_expert.framework */; settings = {ATTRIBUTES = (CodeSignOnCopy, RemoveHeadersOnCopy, ); }; };
		CE196BB226D8A75D00412B59 /* ProfileView.swift in Sources */ = {isa = PBXBuildFile; fileRef = CE196BB126D8A75D00412B59 /* ProfileView.swift */; };
		CE33FEFD26E25C6100F0AA9A /* CorePackage in Frameworks */ = {isa = PBXBuildFile; productRef = CE33FEFC26E25C6100F0AA9A /* CorePackage */; };
		CE4EC6B426CCEA84003B7BF4 /* dicoding_expertApp.swift in Sources */ = {isa = PBXBuildFile; fileRef = CE4EC6B326CCEA84003B7BF4 /* dicoding_expertApp.swift */; };
		CE4EC6B626CCEA84003B7BF4 /* ContentView.swift in Sources */ = {isa = PBXBuildFile; fileRef = CE4EC6B526CCEA84003B7BF4 /* ContentView.swift */; };
		CE4EC6B826CCEA86003B7BF4 /* Assets.xcassets in Resources */ = {isa = PBXBuildFile; fileRef = CE4EC6B726CCEA86003B7BF4 /* Assets.xcassets */; };
		CE4EC6BB26CCEA86003B7BF4 /* Preview Assets.xcassets in Resources */ = {isa = PBXBuildFile; fileRef = CE4EC6BA26CCEA86003B7BF4 /* Preview Assets.xcassets */; };
		CE4EC6C626CCEA86003B7BF4 /* dicoding_expertTests.swift in Sources */ = {isa = PBXBuildFile; fileRef = CE4EC6C526CCEA86003B7BF4 /* dicoding_expertTests.swift */; };
		CE4EC6D126CCEA86003B7BF4 /* dicoding_expertUITests.swift in Sources */ = {isa = PBXBuildFile; fileRef = CE4EC6D026CCEA86003B7BF4 /* dicoding_expertUITests.swift */; };
		CE4EC6EF26CCEE31003B7BF4 /* SDWebImageSwiftUI in Frameworks */ = {isa = PBXBuildFile; productRef = CE4EC6EE26CCEE31003B7BF4 /* SDWebImageSwiftUI */; };
		CE64A2C226D798AE0010ED76 /* FavoritePresenter.swift in Sources */ = {isa = PBXBuildFile; fileRef = CE64A2C126D798AE0010ED76 /* FavoritePresenter.swift */; };
		CEB19A8426D7844800314E4B /* FavoriteView.swift in Sources */ = {isa = PBXBuildFile; fileRef = CEB19A8326D7844800314E4B /* FavoriteView.swift */; };
		CEE359B026CF55E60098970A /* HomeView.swift in Sources */ = {isa = PBXBuildFile; fileRef = CEE359AF26CF55E60098970A /* HomeView.swift */; };
		CEE359B426CF565B0098970A /* HomePresenter.swift in Sources */ = {isa = PBXBuildFile; fileRef = CEE359B326CF565B0098970A /* HomePresenter.swift */; };
		CEE359B726CF56AB0098970A /* HomeRouter.swift in Sources */ = {isa = PBXBuildFile; fileRef = CEE359B626CF56AB0098970A /* HomeRouter.swift */; };
		CEE359BD26CF5B290098970A /* DetailView.swift in Sources */ = {isa = PBXBuildFile; fileRef = CEE359BC26CF5B290098970A /* DetailView.swift */; };
		CEE359BF26CF5BB60098970A /* RestaurantRow.swift in Sources */ = {isa = PBXBuildFile; fileRef = CEE359BE26CF5BB60098970A /* RestaurantRow.swift */; };
		CEE359C226CF80050098970A /* DetailPresenter.swift in Sources */ = {isa = PBXBuildFile; fileRef = CEE359C126CF80050098970A /* DetailPresenter.swift */; };
/* End PBXBuildFile section */

/* Begin PBXContainerItemProxy section */
		CE4EC6C226CCEA86003B7BF4 /* PBXContainerItemProxy */ = {
			isa = PBXContainerItemProxy;
			containerPortal = CE4EC6A826CCEA84003B7BF4 /* Project object */;
			proxyType = 1;
			remoteGlobalIDString = CE4EC6AF26CCEA84003B7BF4;
			remoteInfo = "dicoding-expert";
		};
		CE4EC6CD26CCEA86003B7BF4 /* PBXContainerItemProxy */ = {
			isa = PBXContainerItemProxy;
			containerPortal = CE4EC6A826CCEA84003B7BF4 /* Project object */;
			proxyType = 1;
			remoteGlobalIDString = CE4EC6AF26CCEA84003B7BF4;
			remoteInfo = "dicoding-expert";
		};
/* End PBXContainerItemProxy section */

/* Begin PBXCopyFilesBuildPhase section */
		CE009D6326E224F3006F2EEB /* Embed Frameworks */ = {
			isa = PBXCopyFilesBuildPhase;
			buildActionMask = 2147483647;
			dstPath = "";
			dstSubfolderSpec = 10;
			files = (
				CE009D6226E224F3006F2EEB /* Pods_dicoding_expert.framework in Embed Frameworks */,
			);
			name = "Embed Frameworks";
			runOnlyForDeploymentPostprocessing = 0;
		};
/* End PBXCopyFilesBuildPhase section */

/* Begin PBXFileReference section */
		0B088B13AF5E207D7B4CA200 /* Pods-dicoding-expertTests.debug.xcconfig */ = {isa = PBXFileReference; includeInIndex = 1; lastKnownFileType = text.xcconfig; name = "Pods-dicoding-expertTests.debug.xcconfig"; path = "Target Support Files/Pods-dicoding-expertTests/Pods-dicoding-expertTests.debug.xcconfig"; sourceTree = "<group>"; };
		21AACD34D6EFB19B631BBE53 /* Pods_dicoding_expert.framework */ = {isa = PBXFileReference; explicitFileType = wrapper.framework; includeInIndex = 0; path = Pods_dicoding_expert.framework; sourceTree = BUILT_PRODUCTS_DIR; };
		378371E629E038CC45AABD3D /* Pods-dicoding-expert-dicoding-expertUITests.debug.xcconfig */ = {isa = PBXFileReference; includeInIndex = 1; lastKnownFileType = text.xcconfig; name = "Pods-dicoding-expert-dicoding-expertUITests.debug.xcconfig"; path = "Target Support Files/Pods-dicoding-expert-dicoding-expertUITests/Pods-dicoding-expert-dicoding-expertUITests.debug.xcconfig"; sourceTree = "<group>"; };
		5CCA3EB57FB86E77694B2EAB /* Pods-dicoding-expert-dicoding-expertUITests.release.xcconfig */ = {isa = PBXFileReference; includeInIndex = 1; lastKnownFileType = text.xcconfig; name = "Pods-dicoding-expert-dicoding-expertUITests.release.xcconfig"; path = "Target Support Files/Pods-dicoding-expert-dicoding-expertUITests/Pods-dicoding-expert-dicoding-expertUITests.release.xcconfig"; sourceTree = "<group>"; };
		73ECD8A51AFB17A1D8F502DB /* Pods-dicoding-expert.debug.xcconfig */ = {isa = PBXFileReference; includeInIndex = 1; lastKnownFileType = text.xcconfig; name = "Pods-dicoding-expert.debug.xcconfig"; path = "Target Support Files/Pods-dicoding-expert/Pods-dicoding-expert.debug.xcconfig"; sourceTree = "<group>"; };
		8EC194722B2FDDAF8F62DB99 /* Pods_dicoding_expertTests.framework */ = {isa = PBXFileReference; explicitFileType = wrapper.framework; includeInIndex = 0; path = Pods_dicoding_expertTests.framework; sourceTree = BUILT_PRODUCTS_DIR; };
		9D24C7515B2BEC1CFA8C1886 /* Pods-dicoding-expert.release.xcconfig */ = {isa = PBXFileReference; includeInIndex = 1; lastKnownFileType = text.xcconfig; name = "Pods-dicoding-expert.release.xcconfig"; path = "Target Support Files/Pods-dicoding-expert/Pods-dicoding-expert.release.xcconfig"; sourceTree = "<group>"; };
		CE009D5426E2031C006F2EEB /* Core.framework */ = {isa = PBXFileReference; explicitFileType = wrapper.framework; path = Core.framework; sourceTree = BUILT_PRODUCTS_DIR; };
		CE196BB126D8A75D00412B59 /* ProfileView.swift */ = {isa = PBXFileReference; lastKnownFileType = sourcecode.swift; path = ProfileView.swift; sourceTree = "<group>"; };
		CE4EC6B026CCEA84003B7BF4 /* dicoding-expert.app */ = {isa = PBXFileReference; explicitFileType = wrapper.application; includeInIndex = 0; path = "dicoding-expert.app"; sourceTree = BUILT_PRODUCTS_DIR; };
		CE4EC6B326CCEA84003B7BF4 /* dicoding_expertApp.swift */ = {isa = PBXFileReference; lastKnownFileType = sourcecode.swift; path = dicoding_expertApp.swift; sourceTree = "<group>"; };
		CE4EC6B526CCEA84003B7BF4 /* ContentView.swift */ = {isa = PBXFileReference; lastKnownFileType = sourcecode.swift; path = ContentView.swift; sourceTree = "<group>"; };
		CE4EC6B726CCEA86003B7BF4 /* Assets.xcassets */ = {isa = PBXFileReference; lastKnownFileType = folder.assetcatalog; path = Assets.xcassets; sourceTree = "<group>"; };
		CE4EC6BA26CCEA86003B7BF4 /* Preview Assets.xcassets */ = {isa = PBXFileReference; lastKnownFileType = folder.assetcatalog; path = "Preview Assets.xcassets"; sourceTree = "<group>"; };
		CE4EC6BC26CCEA86003B7BF4 /* Info.plist */ = {isa = PBXFileReference; lastKnownFileType = text.plist.xml; path = Info.plist; sourceTree = "<group>"; };
		CE4EC6C126CCEA86003B7BF4 /* dicoding-expertTests.xctest */ = {isa = PBXFileReference; explicitFileType = wrapper.cfbundle; includeInIndex = 0; path = "dicoding-expertTests.xctest"; sourceTree = BUILT_PRODUCTS_DIR; };
		CE4EC6C526CCEA86003B7BF4 /* dicoding_expertTests.swift */ = {isa = PBXFileReference; lastKnownFileType = sourcecode.swift; path = dicoding_expertTests.swift; sourceTree = "<group>"; };
		CE4EC6C726CCEA86003B7BF4 /* Info.plist */ = {isa = PBXFileReference; lastKnownFileType = text.plist.xml; path = Info.plist; sourceTree = "<group>"; };
		CE4EC6CC26CCEA86003B7BF4 /* dicoding-expertUITests.xctest */ = {isa = PBXFileReference; explicitFileType = wrapper.cfbundle; includeInIndex = 0; path = "dicoding-expertUITests.xctest"; sourceTree = BUILT_PRODUCTS_DIR; };
		CE4EC6D026CCEA86003B7BF4 /* dicoding_expertUITests.swift */ = {isa = PBXFileReference; lastKnownFileType = sourcecode.swift; path = dicoding_expertUITests.swift; sourceTree = "<group>"; };
		CE4EC6D226CCEA86003B7BF4 /* Info.plist */ = {isa = PBXFileReference; lastKnownFileType = text.plist.xml; path = Info.plist; sourceTree = "<group>"; };
		CE64A2C126D798AE0010ED76 /* FavoritePresenter.swift */ = {isa = PBXFileReference; lastKnownFileType = sourcecode.swift; path = FavoritePresenter.swift; sourceTree = "<group>"; };
		CEB19A8326D7844800314E4B /* FavoriteView.swift */ = {isa = PBXFileReference; lastKnownFileType = sourcecode.swift; path = FavoriteView.swift; sourceTree = "<group>"; };
		CEE359AF26CF55E60098970A /* HomeView.swift */ = {isa = PBXFileReference; lastKnownFileType = sourcecode.swift; path = HomeView.swift; sourceTree = "<group>"; };
		CEE359B326CF565B0098970A /* HomePresenter.swift */ = {isa = PBXFileReference; lastKnownFileType = sourcecode.swift; path = HomePresenter.swift; sourceTree = "<group>"; };
		CEE359B626CF56AB0098970A /* HomeRouter.swift */ = {isa = PBXFileReference; lastKnownFileType = sourcecode.swift; path = HomeRouter.swift; sourceTree = "<group>"; };
		CEE359BC26CF5B290098970A /* DetailView.swift */ = {isa = PBXFileReference; lastKnownFileType = sourcecode.swift; path = DetailView.swift; sourceTree = "<group>"; };
		CEE359BE26CF5BB60098970A /* RestaurantRow.swift */ = {isa = PBXFileReference; lastKnownFileType = sourcecode.swift; path = RestaurantRow.swift; sourceTree = "<group>"; };
		CEE359C126CF80050098970A /* DetailPresenter.swift */ = {isa = PBXFileReference; lastKnownFileType = sourcecode.swift; path = DetailPresenter.swift; sourceTree = "<group>"; };
		EA81C8B6323AFC8BFC68FDB9 /* Pods_dicoding_expert_dicoding_expertUITests.framework */ = {isa = PBXFileReference; explicitFileType = wrapper.framework; includeInIndex = 0; path = Pods_dicoding_expert_dicoding_expertUITests.framework; sourceTree = BUILT_PRODUCTS_DIR; };
		ED95387C5AF5A48458D0CBC2 /* Pods-dicoding-expertTests.release.xcconfig */ = {isa = PBXFileReference; includeInIndex = 1; lastKnownFileType = text.xcconfig; name = "Pods-dicoding-expertTests.release.xcconfig"; path = "Target Support Files/Pods-dicoding-expertTests/Pods-dicoding-expertTests.release.xcconfig"; sourceTree = "<group>"; };
/* End PBXFileReference section */

/* Begin PBXFrameworksBuildPhase section */
		CE4EC6AD26CCEA84003B7BF4 /* Frameworks */ = {
			isa = PBXFrameworksBuildPhase;
			buildActionMask = 2147483647;
			files = (
				CE33FEFD26E25C6100F0AA9A /* CorePackage in Frameworks */,
				CE009D6126E224F3006F2EEB /* Pods_dicoding_expert.framework in Frameworks */,
				CE4EC6EF26CCEE31003B7BF4 /* SDWebImageSwiftUI in Frameworks */,
			);
			runOnlyForDeploymentPostprocessing = 0;
		};
		CE4EC6BE26CCEA86003B7BF4 /* Frameworks */ = {
			isa = PBXFrameworksBuildPhase;
			buildActionMask = 2147483647;
			files = (
				C964576CC0DAC8E09FEDAB21 /* Pods_dicoding_expertTests.framework in Frameworks */,
			);
			runOnlyForDeploymentPostprocessing = 0;
		};
		CE4EC6C926CCEA86003B7BF4 /* Frameworks */ = {
			isa = PBXFrameworksBuildPhase;
			buildActionMask = 2147483647;
			files = (
				4EACBD2FC53F68DFF2E8C909 /* Pods_dicoding_expert_dicoding_expertUITests.framework in Frameworks */,
			);
			runOnlyForDeploymentPostprocessing = 0;
		};
/* End PBXFrameworksBuildPhase section */

/* Begin PBXGroup section */
		4A8CA728C735F124D634080C /* Pods */ = {
			isa = PBXGroup;
			children = (
				73ECD8A51AFB17A1D8F502DB /* Pods-dicoding-expert.debug.xcconfig */,
				9D24C7515B2BEC1CFA8C1886 /* Pods-dicoding-expert.release.xcconfig */,
				378371E629E038CC45AABD3D /* Pods-dicoding-expert-dicoding-expertUITests.debug.xcconfig */,
				5CCA3EB57FB86E77694B2EAB /* Pods-dicoding-expert-dicoding-expertUITests.release.xcconfig */,
				0B088B13AF5E207D7B4CA200 /* Pods-dicoding-expertTests.debug.xcconfig */,
				ED95387C5AF5A48458D0CBC2 /* Pods-dicoding-expertTests.release.xcconfig */,
			);
			path = Pods;
			sourceTree = "<group>";
		};
		608C66F78796A7B4450932C4 /* Frameworks */ = {
			isa = PBXGroup;
			children = (
				CE009D5426E2031C006F2EEB /* Core.framework */,
				21AACD34D6EFB19B631BBE53 /* Pods_dicoding_expert.framework */,
				EA81C8B6323AFC8BFC68FDB9 /* Pods_dicoding_expert_dicoding_expertUITests.framework */,
				8EC194722B2FDDAF8F62DB99 /* Pods_dicoding_expertTests.framework */,
			);
			name = Frameworks;
			sourceTree = "<group>";
		};
		CE196BB026D8A75000412B59 /* Profile */ = {
			isa = PBXGroup;
			children = (
				CE196BB126D8A75D00412B59 /* ProfileView.swift */,
			);
			path = Profile;
			sourceTree = "<group>";
		};
		CE4EC6A726CCEA84003B7BF4 = {
			isa = PBXGroup;
			children = (
				CE4EC6B226CCEA84003B7BF4 /* dicoding-expert */,
				CE4EC6C426CCEA86003B7BF4 /* dicoding-expertTests */,
				CE4EC6CF26CCEA86003B7BF4 /* dicoding-expertUITests */,
				CE4EC6B126CCEA84003B7BF4 /* Products */,
				4A8CA728C735F124D634080C /* Pods */,
				608C66F78796A7B4450932C4 /* Frameworks */,
			);
			sourceTree = "<group>";
		};
		CE4EC6B126CCEA84003B7BF4 /* Products */ = {
			isa = PBXGroup;
			children = (
				CE4EC6B026CCEA84003B7BF4 /* dicoding-expert.app */,
				CE4EC6C126CCEA86003B7BF4 /* dicoding-expertTests.xctest */,
				CE4EC6CC26CCEA86003B7BF4 /* dicoding-expertUITests.xctest */,
			);
			name = Products;
			sourceTree = "<group>";
		};
		CE4EC6B226CCEA84003B7BF4 /* dicoding-expert */ = {
			isa = PBXGroup;
			children = (
				CE4EC6B326CCEA84003B7BF4 /* dicoding_expertApp.swift */,
				CE4EC6B526CCEA84003B7BF4 /* ContentView.swift */,
				CE4EC6B726CCEA86003B7BF4 /* Assets.xcassets */,
				CE4EC6BC26CCEA86003B7BF4 /* Info.plist */,
				CE4EC6E626CCEDCD003B7BF4 /* Module */,
				CE4EC6E426CCEDBB003B7BF4 /* App */,
				CE4EC6B926CCEA86003B7BF4 /* Preview Content */,
			);
			path = "dicoding-expert";
			sourceTree = "<group>";
		};
		CE4EC6B926CCEA86003B7BF4 /* Preview Content */ = {
			isa = PBXGroup;
			children = (
				CE4EC6BA26CCEA86003B7BF4 /* Preview Assets.xcassets */,
			);
			path = "Preview Content";
			sourceTree = "<group>";
		};
		CE4EC6C426CCEA86003B7BF4 /* dicoding-expertTests */ = {
			isa = PBXGroup;
			children = (
				CE4EC6C526CCEA86003B7BF4 /* dicoding_expertTests.swift */,
				CE4EC6C726CCEA86003B7BF4 /* Info.plist */,
			);
			path = "dicoding-expertTests";
			sourceTree = "<group>";
		};
		CE4EC6CF26CCEA86003B7BF4 /* dicoding-expertUITests */ = {
			isa = PBXGroup;
			children = (
				CE4EC6D026CCEA86003B7BF4 /* dicoding_expertUITests.swift */,
				CE4EC6D226CCEA86003B7BF4 /* Info.plist */,
			);
			path = "dicoding-expertUITests";
			sourceTree = "<group>";
		};
		CE4EC6E426CCEDBB003B7BF4 /* App */ = {
			isa = PBXGroup;
			children = (
			);
			path = App;
			sourceTree = "<group>";
		};
		CE4EC6E626CCEDCD003B7BF4 /* Module */ = {
			isa = PBXGroup;
			children = (
				CE196BB026D8A75000412B59 /* Profile */,
				CEB19A7F26D7841A00314E4B /* Favorite */,
				CE4EC6EC26CCEDFB003B7BF4 /* Detail */,
				CE4EC6EB26CCEDF3003B7BF4 /* Home */,
			);
			path = Module;
			sourceTree = "<group>";
		};
		CE4EC6EB26CCEDF3003B7BF4 /* Home */ = {
			isa = PBXGroup;
			children = (
				CEE359B526CF569E0098970A /* Router */,
				CEE359B226CF564A0098970A /* Presenter */,
				CEE359B126CF56450098970A /* View */,
			);
			path = Home;
			sourceTree = "<group>";
		};
		CE4EC6EC26CCEDFB003B7BF4 /* Detail */ = {
			isa = PBXGroup;
			children = (
				CEE359C026CF7FF00098970A /* Presenter */,
				CEE359BB26CF5B1A0098970A /* View */,
			);
			path = Detail;
			sourceTree = "<group>";
		};
		CEB19A7F26D7841A00314E4B /* Favorite */ = {
			isa = PBXGroup;
			children = (
				CEB19A8226D7843800314E4B /* View */,
				CEB19A8126D7843100314E4B /* Presenter */,
				CEB19A8026D7842A00314E4B /* Router */,
			);
			path = Favorite;
			sourceTree = "<group>";
		};
		CEB19A8026D7842A00314E4B /* Router */ = {
			isa = PBXGroup;
			children = (
			);
			path = Router;
			sourceTree = "<group>";
		};
		CEB19A8126D7843100314E4B /* Presenter */ = {
			isa = PBXGroup;
			children = (
				CE64A2C126D798AE0010ED76 /* FavoritePresenter.swift */,
			);
			path = Presenter;
			sourceTree = "<group>";
		};
		CEB19A8226D7843800314E4B /* View */ = {
			isa = PBXGroup;
			children = (
				CEB19A8326D7844800314E4B /* FavoriteView.swift */,
			);
			path = View;
			sourceTree = "<group>";
		};
		CEE359B126CF56450098970A /* View */ = {
			isa = PBXGroup;
			children = (
				CEE359AF26CF55E60098970A /* HomeView.swift */,
				CEE359BE26CF5BB60098970A /* RestaurantRow.swift */,
			);
			path = View;
			sourceTree = "<group>";
		};
		CEE359B226CF564A0098970A /* Presenter */ = {
			isa = PBXGroup;
			children = (
				CEE359B326CF565B0098970A /* HomePresenter.swift */,
			);
			path = Presenter;
			sourceTree = "<group>";
		};
		CEE359B526CF569E0098970A /* Router */ = {
			isa = PBXGroup;
			children = (
				CEE359B626CF56AB0098970A /* HomeRouter.swift */,
			);
			path = Router;
			sourceTree = "<group>";
		};
		CEE359BB26CF5B1A0098970A /* View */ = {
			isa = PBXGroup;
			children = (
				CEE359BC26CF5B290098970A /* DetailView.swift */,
			);
			path = View;
			sourceTree = "<group>";
		};
		CEE359C026CF7FF00098970A /* Presenter */ = {
			isa = PBXGroup;
			children = (
				CEE359C126CF80050098970A /* DetailPresenter.swift */,
			);
			path = Presenter;
			sourceTree = "<group>";
		};
/* End PBXGroup section */

/* Begin PBXNativeTarget section */
		CE4EC6AF26CCEA84003B7BF4 /* dicoding-expert */ = {
			isa = PBXNativeTarget;
			buildConfigurationList = CE4EC6D526CCEA86003B7BF4 /* Build configuration list for PBXNativeTarget "dicoding-expert" */;
			buildPhases = (
				B8F76A58F5D5BD09293EE81C /* [CP] Check Pods Manifest.lock */,
				CE4EC6AC26CCEA84003B7BF4 /* Sources */,
				CE4EC6AD26CCEA84003B7BF4 /* Frameworks */,
				CE4EC6AE26CCEA84003B7BF4 /* Resources */,
				CE4EC6F026CCF9C5003B7BF4 /* ShellScript */,
				CE009D6326E224F3006F2EEB /* Embed Frameworks */,
			);
			buildRules = (
			);
			dependencies = (
			);
			name = "dicoding-expert";
			packageProductDependencies = (
				CE4EC6EE26CCEE31003B7BF4 /* SDWebImageSwiftUI */,
				CE33FEFC26E25C6100F0AA9A /* CorePackage */,
			);
			productName = "dicoding-expert";
			productReference = CE4EC6B026CCEA84003B7BF4 /* dicoding-expert.app */;
			productType = "com.apple.product-type.application";
		};
		CE4EC6C026CCEA86003B7BF4 /* dicoding-expertTests */ = {
			isa = PBXNativeTarget;
			buildConfigurationList = CE4EC6D826CCEA86003B7BF4 /* Build configuration list for PBXNativeTarget "dicoding-expertTests" */;
			buildPhases = (
				8F6BBD98DF79A7B912AB1BA4 /* [CP] Check Pods Manifest.lock */,
				CE4EC6BD26CCEA86003B7BF4 /* Sources */,
				CE4EC6BE26CCEA86003B7BF4 /* Frameworks */,
				CE4EC6BF26CCEA86003B7BF4 /* Resources */,
			);
			buildRules = (
			);
			dependencies = (
				CE4EC6C326CCEA86003B7BF4 /* PBXTargetDependency */,
			);
			name = "dicoding-expertTests";
			productName = "dicoding-expertTests";
			productReference = CE4EC6C126CCEA86003B7BF4 /* dicoding-expertTests.xctest */;
			productType = "com.apple.product-type.bundle.unit-test";
		};
		CE4EC6CB26CCEA86003B7BF4 /* dicoding-expertUITests */ = {
			isa = PBXNativeTarget;
			buildConfigurationList = CE4EC6DB26CCEA86003B7BF4 /* Build configuration list for PBXNativeTarget "dicoding-expertUITests" */;
			buildPhases = (
				51EFFC2F39AF5330FD09D57C /* [CP] Check Pods Manifest.lock */,
				CE4EC6C826CCEA86003B7BF4 /* Sources */,
				CE4EC6C926CCEA86003B7BF4 /* Frameworks */,
				CE4EC6CA26CCEA86003B7BF4 /* Resources */,
			);
			buildRules = (
			);
			dependencies = (
				CE4EC6CE26CCEA86003B7BF4 /* PBXTargetDependency */,
			);
			name = "dicoding-expertUITests";
			productName = "dicoding-expertUITests";
			productReference = CE4EC6CC26CCEA86003B7BF4 /* dicoding-expertUITests.xctest */;
			productType = "com.apple.product-type.bundle.ui-testing";
		};
/* End PBXNativeTarget section */

/* Begin PBXProject section */
		CE4EC6A826CCEA84003B7BF4 /* Project object */ = {
			isa = PBXProject;
			attributes = {
				LastSwiftUpdateCheck = 1250;
				LastUpgradeCheck = 1250;
				TargetAttributes = {
					CE4EC6AF26CCEA84003B7BF4 = {
						CreatedOnToolsVersion = 12.5.1;
					};
					CE4EC6C026CCEA86003B7BF4 = {
						CreatedOnToolsVersion = 12.5.1;
						TestTargetID = CE4EC6AF26CCEA84003B7BF4;
					};
					CE4EC6CB26CCEA86003B7BF4 = {
						CreatedOnToolsVersion = 12.5.1;
						TestTargetID = CE4EC6AF26CCEA84003B7BF4;
					};
				};
			};
			buildConfigurationList = CE4EC6AB26CCEA84003B7BF4 /* Build configuration list for PBXProject "dicoding-expert" */;
			compatibilityVersion = "Xcode 9.3";
			developmentRegion = en;
			hasScannedForEncodings = 0;
			knownRegions = (
				en,
				Base,
			);
			mainGroup = CE4EC6A726CCEA84003B7BF4;
			packageReferences = (
				CE4EC6DE26CCEB7D003B7BF4 /* XCRemoteSwiftPackageReference "Alamofire" */,
				CE4EC6ED26CCEE31003B7BF4 /* XCRemoteSwiftPackageReference "SDWebImageSwiftUI" */,
				CE435CFC26CE1B4000AFD4D2 /* XCRemoteSwiftPackageReference "realm-cocoa" */,
				CE33FEFB26E25C6100F0AA9A /* XCRemoteSwiftPackageReference "core-dicoding-expert" */,
			);
			productRefGroup = CE4EC6B126CCEA84003B7BF4 /* Products */;
			projectDirPath = "";
			projectRoot = "";
			targets = (
				CE4EC6AF26CCEA84003B7BF4 /* dicoding-expert */,
				CE4EC6C026CCEA86003B7BF4 /* dicoding-expertTests */,
				CE4EC6CB26CCEA86003B7BF4 /* dicoding-expertUITests */,
			);
		};
/* End PBXProject section */

/* Begin PBXResourcesBuildPhase section */
		CE4EC6AE26CCEA84003B7BF4 /* Resources */ = {
			isa = PBXResourcesBuildPhase;
			buildActionMask = 2147483647;
			files = (
				CE4EC6BB26CCEA86003B7BF4 /* Preview Assets.xcassets in Resources */,
				CE4EC6B826CCEA86003B7BF4 /* Assets.xcassets in Resources */,
			);
			runOnlyForDeploymentPostprocessing = 0;
		};
		CE4EC6BF26CCEA86003B7BF4 /* Resources */ = {
			isa = PBXResourcesBuildPhase;
			buildActionMask = 2147483647;
			files = (
			);
			runOnlyForDeploymentPostprocessing = 0;
		};
		CE4EC6CA26CCEA86003B7BF4 /* Resources */ = {
			isa = PBXResourcesBuildPhase;
			buildActionMask = 2147483647;
			files = (
			);
			runOnlyForDeploymentPostprocessing = 0;
		};
/* End PBXResourcesBuildPhase section */

/* Begin PBXShellScriptBuildPhase section */
		51EFFC2F39AF5330FD09D57C /* [CP] Check Pods Manifest.lock */ = {
			isa = PBXShellScriptBuildPhase;
			buildActionMask = 2147483647;
			files = (
			);
			inputFileListPaths = (
			);
			inputPaths = (
				"${PODS_PODFILE_DIR_PATH}/Podfile.lock",
				"${PODS_ROOT}/Manifest.lock",
			);
			name = "[CP] Check Pods Manifest.lock";
			outputFileListPaths = (
			);
			outputPaths = (
				"$(DERIVED_FILE_DIR)/Pods-dicoding-expert-dicoding-expertUITests-checkManifestLockResult.txt",
			);
			runOnlyForDeploymentPostprocessing = 0;
			shellPath = /bin/sh;
			shellScript = "diff \"${PODS_PODFILE_DIR_PATH}/Podfile.lock\" \"${PODS_ROOT}/Manifest.lock\" > /dev/null\nif [ $? != 0 ] ; then\n    # print error to STDERR\n    echo \"error: The sandbox is not in sync with the Podfile.lock. Run 'pod install' or update your CocoaPods installation.\" >&2\n    exit 1\nfi\n# This output is used by Xcode 'outputs' to avoid re-running this script phase.\necho \"SUCCESS\" > \"${SCRIPT_OUTPUT_FILE_0}\"\n";
			showEnvVarsInLog = 0;
		};
		8F6BBD98DF79A7B912AB1BA4 /* [CP] Check Pods Manifest.lock */ = {
			isa = PBXShellScriptBuildPhase;
			buildActionMask = 2147483647;
			files = (
			);
			inputFileListPaths = (
			);
			inputPaths = (
				"${PODS_PODFILE_DIR_PATH}/Podfile.lock",
				"${PODS_ROOT}/Manifest.lock",
			);
			name = "[CP] Check Pods Manifest.lock";
			outputFileListPaths = (
			);
			outputPaths = (
				"$(DERIVED_FILE_DIR)/Pods-dicoding-expertTests-checkManifestLockResult.txt",
			);
			runOnlyForDeploymentPostprocessing = 0;
			shellPath = /bin/sh;
			shellScript = "diff \"${PODS_PODFILE_DIR_PATH}/Podfile.lock\" \"${PODS_ROOT}/Manifest.lock\" > /dev/null\nif [ $? != 0 ] ; then\n    # print error to STDERR\n    echo \"error: The sandbox is not in sync with the Podfile.lock. Run 'pod install' or update your CocoaPods installation.\" >&2\n    exit 1\nfi\n# This output is used by Xcode 'outputs' to avoid re-running this script phase.\necho \"SUCCESS\" > \"${SCRIPT_OUTPUT_FILE_0}\"\n";
			showEnvVarsInLog = 0;
		};
		B8F76A58F5D5BD09293EE81C /* [CP] Check Pods Manifest.lock */ = {
			isa = PBXShellScriptBuildPhase;
			buildActionMask = 2147483647;
			files = (
			);
			inputFileListPaths = (
			);
			inputPaths = (
				"${PODS_PODFILE_DIR_PATH}/Podfile.lock",
				"${PODS_ROOT}/Manifest.lock",
			);
			name = "[CP] Check Pods Manifest.lock";
			outputFileListPaths = (
			);
			outputPaths = (
				"$(DERIVED_FILE_DIR)/Pods-dicoding-expert-checkManifestLockResult.txt",
			);
			runOnlyForDeploymentPostprocessing = 0;
			shellPath = /bin/sh;
			shellScript = "diff \"${PODS_PODFILE_DIR_PATH}/Podfile.lock\" \"${PODS_ROOT}/Manifest.lock\" > /dev/null\nif [ $? != 0 ] ; then\n    # print error to STDERR\n    echo \"error: The sandbox is not in sync with the Podfile.lock. Run 'pod install' or update your CocoaPods installation.\" >&2\n    exit 1\nfi\n# This output is used by Xcode 'outputs' to avoid re-running this script phase.\necho \"SUCCESS\" > \"${SCRIPT_OUTPUT_FILE_0}\"\n";
			showEnvVarsInLog = 0;
		};
		CE4EC6F026CCF9C5003B7BF4 /* ShellScript */ = {
			isa = PBXShellScriptBuildPhase;
			buildActionMask = 2147483647;
			files = (
			);
			inputFileListPaths = (
			);
			inputPaths = (
			);
			outputFileListPaths = (
			);
			outputPaths = (
			);
			runOnlyForDeploymentPostprocessing = 0;
			shellPath = /bin/sh;
			shellScript = "# Type a script or drag a script file from your workspace to insert its path.\nif which swiftlint >/dev/null; then \n    swiftlint \nelse \n    echo \"warning: SwiftLint not installed, download from https://github.com/realm/SwiftLint\" \nfi\n";
		};
/* End PBXShellScriptBuildPhase section */

/* Begin PBXSourcesBuildPhase section */
		CE4EC6AC26CCEA84003B7BF4 /* Sources */ = {
			isa = PBXSourcesBuildPhase;
			buildActionMask = 2147483647;
			files = (
				CEE359BD26CF5B290098970A /* DetailView.swift in Sources */,
				CEE359B026CF55E60098970A /* HomeView.swift in Sources */,
				CEE359C226CF80050098970A /* DetailPresenter.swift in Sources */,
				CEE359B426CF565B0098970A /* HomePresenter.swift in Sources */,
				CE4EC6B626CCEA84003B7BF4 /* ContentView.swift in Sources */,
				CE196BB226D8A75D00412B59 /* ProfileView.swift in Sources */,
				CEE359B726CF56AB0098970A /* HomeRouter.swift in Sources */,
				CEE359BF26CF5BB60098970A /* RestaurantRow.swift in Sources */,
				CE64A2C226D798AE0010ED76 /* FavoritePresenter.swift in Sources */,
				CE4EC6B426CCEA84003B7BF4 /* dicoding_expertApp.swift in Sources */,
				CEB19A8426D7844800314E4B /* FavoriteView.swift in Sources */,
			);
			runOnlyForDeploymentPostprocessing = 0;
		};
		CE4EC6BD26CCEA86003B7BF4 /* Sources */ = {
			isa = PBXSourcesBuildPhase;
			buildActionMask = 2147483647;
			files = (
				CE4EC6C626CCEA86003B7BF4 /* dicoding_expertTests.swift in Sources */,
			);
			runOnlyForDeploymentPostprocessing = 0;
		};
		CE4EC6C826CCEA86003B7BF4 /* Sources */ = {
			isa = PBXSourcesBuildPhase;
			buildActionMask = 2147483647;
			files = (
				CE4EC6D126CCEA86003B7BF4 /* dicoding_expertUITests.swift in Sources */,
			);
			runOnlyForDeploymentPostprocessing = 0;
		};
/* End PBXSourcesBuildPhase section */

/* Begin PBXTargetDependency section */
		CE4EC6C326CCEA86003B7BF4 /* PBXTargetDependency */ = {
			isa = PBXTargetDependency;
			target = CE4EC6AF26CCEA84003B7BF4 /* dicoding-expert */;
			targetProxy = CE4EC6C226CCEA86003B7BF4 /* PBXContainerItemProxy */;
		};
		CE4EC6CE26CCEA86003B7BF4 /* PBXTargetDependency */ = {
			isa = PBXTargetDependency;
			target = CE4EC6AF26CCEA84003B7BF4 /* dicoding-expert */;
			targetProxy = CE4EC6CD26CCEA86003B7BF4 /* PBXContainerItemProxy */;
		};
/* End PBXTargetDependency section */

/* Begin XCBuildConfiguration section */
		CE4EC6D326CCEA86003B7BF4 /* Debug */ = {
			isa = XCBuildConfiguration;
			buildSettings = {
				ALWAYS_SEARCH_USER_PATHS = NO;
				CLANG_ANALYZER_NONNULL = YES;
				CLANG_ANALYZER_NUMBER_OBJECT_CONVERSION = YES_AGGRESSIVE;
				CLANG_CXX_LANGUAGE_STANDARD = "gnu++14";
				CLANG_CXX_LIBRARY = "libc++";
				CLANG_ENABLE_MODULES = YES;
				CLANG_ENABLE_OBJC_ARC = YES;
				CLANG_ENABLE_OBJC_WEAK = YES;
				CLANG_WARN_BLOCK_CAPTURE_AUTORELEASING = YES;
				CLANG_WARN_BOOL_CONVERSION = YES;
				CLANG_WARN_COMMA = YES;
				CLANG_WARN_CONSTANT_CONVERSION = YES;
				CLANG_WARN_DEPRECATED_OBJC_IMPLEMENTATIONS = YES;
				CLANG_WARN_DIRECT_OBJC_ISA_USAGE = YES_ERROR;
				CLANG_WARN_DOCUMENTATION_COMMENTS = YES;
				CLANG_WARN_EMPTY_BODY = YES;
				CLANG_WARN_ENUM_CONVERSION = YES;
				CLANG_WARN_INFINITE_RECURSION = YES;
				CLANG_WARN_INT_CONVERSION = YES;
				CLANG_WARN_NON_LITERAL_NULL_CONVERSION = YES;
				CLANG_WARN_OBJC_IMPLICIT_RETAIN_SELF = YES;
				CLANG_WARN_OBJC_LITERAL_CONVERSION = YES;
				CLANG_WARN_OBJC_ROOT_CLASS = YES_ERROR;
				CLANG_WARN_QUOTED_INCLUDE_IN_FRAMEWORK_HEADER = YES;
				CLANG_WARN_RANGE_LOOP_ANALYSIS = YES;
				CLANG_WARN_STRICT_PROTOTYPES = YES;
				CLANG_WARN_SUSPICIOUS_MOVE = YES;
				CLANG_WARN_UNGUARDED_AVAILABILITY = YES_AGGRESSIVE;
				CLANG_WARN_UNREACHABLE_CODE = YES;
				CLANG_WARN__DUPLICATE_METHOD_MATCH = YES;
				COPY_PHASE_STRIP = NO;
				DEBUG_INFORMATION_FORMAT = dwarf;
				ENABLE_STRICT_OBJC_MSGSEND = YES;
				ENABLE_TESTABILITY = YES;
				GCC_C_LANGUAGE_STANDARD = gnu11;
				GCC_DYNAMIC_NO_PIC = NO;
				GCC_NO_COMMON_BLOCKS = YES;
				GCC_OPTIMIZATION_LEVEL = 0;
				GCC_PREPROCESSOR_DEFINITIONS = (
					"DEBUG=1",
					"$(inherited)",
				);
				GCC_WARN_64_TO_32_BIT_CONVERSION = YES;
				GCC_WARN_ABOUT_RETURN_TYPE = YES_ERROR;
				GCC_WARN_UNDECLARED_SELECTOR = YES;
				GCC_WARN_UNINITIALIZED_AUTOS = YES_AGGRESSIVE;
				GCC_WARN_UNUSED_FUNCTION = YES;
				GCC_WARN_UNUSED_VARIABLE = YES;
				IPHONEOS_DEPLOYMENT_TARGET = 14.5;
				MTL_ENABLE_DEBUG_INFO = INCLUDE_SOURCE;
				MTL_FAST_MATH = YES;
				ONLY_ACTIVE_ARCH = YES;
				SDKROOT = iphoneos;
				SWIFT_ACTIVE_COMPILATION_CONDITIONS = DEBUG;
				SWIFT_OPTIMIZATION_LEVEL = "-Onone";
			};
			name = Debug;
		};
		CE4EC6D426CCEA86003B7BF4 /* Release */ = {
			isa = XCBuildConfiguration;
			buildSettings = {
				ALWAYS_SEARCH_USER_PATHS = NO;
				CLANG_ANALYZER_NONNULL = YES;
				CLANG_ANALYZER_NUMBER_OBJECT_CONVERSION = YES_AGGRESSIVE;
				CLANG_CXX_LANGUAGE_STANDARD = "gnu++14";
				CLANG_CXX_LIBRARY = "libc++";
				CLANG_ENABLE_MODULES = YES;
				CLANG_ENABLE_OBJC_ARC = YES;
				CLANG_ENABLE_OBJC_WEAK = YES;
				CLANG_WARN_BLOCK_CAPTURE_AUTORELEASING = YES;
				CLANG_WARN_BOOL_CONVERSION = YES;
				CLANG_WARN_COMMA = YES;
				CLANG_WARN_CONSTANT_CONVERSION = YES;
				CLANG_WARN_DEPRECATED_OBJC_IMPLEMENTATIONS = YES;
				CLANG_WARN_DIRECT_OBJC_ISA_USAGE = YES_ERROR;
				CLANG_WARN_DOCUMENTATION_COMMENTS = YES;
				CLANG_WARN_EMPTY_BODY = YES;
				CLANG_WARN_ENUM_CONVERSION = YES;
				CLANG_WARN_INFINITE_RECURSION = YES;
				CLANG_WARN_INT_CONVERSION = YES;
				CLANG_WARN_NON_LITERAL_NULL_CONVERSION = YES;
				CLANG_WARN_OBJC_IMPLICIT_RETAIN_SELF = YES;
				CLANG_WARN_OBJC_LITERAL_CONVERSION = YES;
				CLANG_WARN_OBJC_ROOT_CLASS = YES_ERROR;
				CLANG_WARN_QUOTED_INCLUDE_IN_FRAMEWORK_HEADER = YES;
				CLANG_WARN_RANGE_LOOP_ANALYSIS = YES;
				CLANG_WARN_STRICT_PROTOTYPES = YES;
				CLANG_WARN_SUSPICIOUS_MOVE = YES;
				CLANG_WARN_UNGUARDED_AVAILABILITY = YES_AGGRESSIVE;
				CLANG_WARN_UNREACHABLE_CODE = YES;
				CLANG_WARN__DUPLICATE_METHOD_MATCH = YES;
				COPY_PHASE_STRIP = NO;
				DEBUG_INFORMATION_FORMAT = "dwarf-with-dsym";
				ENABLE_NS_ASSERTIONS = NO;
				ENABLE_STRICT_OBJC_MSGSEND = YES;
				GCC_C_LANGUAGE_STANDARD = gnu11;
				GCC_NO_COMMON_BLOCKS = YES;
				GCC_WARN_64_TO_32_BIT_CONVERSION = YES;
				GCC_WARN_ABOUT_RETURN_TYPE = YES_ERROR;
				GCC_WARN_UNDECLARED_SELECTOR = YES;
				GCC_WARN_UNINITIALIZED_AUTOS = YES_AGGRESSIVE;
				GCC_WARN_UNUSED_FUNCTION = YES;
				GCC_WARN_UNUSED_VARIABLE = YES;
				IPHONEOS_DEPLOYMENT_TARGET = 14.5;
				MTL_ENABLE_DEBUG_INFO = NO;
				MTL_FAST_MATH = YES;
				SDKROOT = iphoneos;
				SWIFT_COMPILATION_MODE = wholemodule;
				SWIFT_OPTIMIZATION_LEVEL = "-O";
				VALIDATE_PRODUCT = YES;
			};
			name = Release;
		};
		CE4EC6D626CCEA86003B7BF4 /* Debug */ = {
			isa = XCBuildConfiguration;
			baseConfigurationReference = 73ECD8A51AFB17A1D8F502DB /* Pods-dicoding-expert.debug.xcconfig */;
			buildSettings = {
				ASSETCATALOG_COMPILER_APPICON_NAME = AppIcon;
				ASSETCATALOG_COMPILER_GLOBAL_ACCENT_COLOR_NAME = AccentColor;
				CODE_SIGN_STYLE = Automatic;
				DEVELOPMENT_ASSET_PATHS = "\"dicoding-expert/Preview Content\"";
				ENABLE_PREVIEWS = YES;
				INFOPLIST_FILE = "dicoding-expert/Info.plist";
				IPHONEOS_DEPLOYMENT_TARGET = 14.5;
				LD_RUNPATH_SEARCH_PATHS = (
					"$(inherited)",
					"@executable_path/Frameworks",
				);
				PRODUCT_BUNDLE_IDENTIFIER = "com.alpha.code.dicoding-expert";
				PRODUCT_NAME = "$(TARGET_NAME)";
				SWIFT_VERSION = 5.0;
				TARGETED_DEVICE_FAMILY = "1,2";
			};
			name = Debug;
		};
		CE4EC6D726CCEA86003B7BF4 /* Release */ = {
			isa = XCBuildConfiguration;
			baseConfigurationReference = 9D24C7515B2BEC1CFA8C1886 /* Pods-dicoding-expert.release.xcconfig */;
			buildSettings = {
				ASSETCATALOG_COMPILER_APPICON_NAME = AppIcon;
				ASSETCATALOG_COMPILER_GLOBAL_ACCENT_COLOR_NAME = AccentColor;
				CODE_SIGN_STYLE = Automatic;
				DEVELOPMENT_ASSET_PATHS = "\"dicoding-expert/Preview Content\"";
				ENABLE_PREVIEWS = YES;
				INFOPLIST_FILE = "dicoding-expert/Info.plist";
				IPHONEOS_DEPLOYMENT_TARGET = 14.5;
				LD_RUNPATH_SEARCH_PATHS = (
					"$(inherited)",
					"@executable_path/Frameworks",
				);
				PRODUCT_BUNDLE_IDENTIFIER = "com.alpha.code.dicoding-expert";
				PRODUCT_NAME = "$(TARGET_NAME)";
				SWIFT_VERSION = 5.0;
				TARGETED_DEVICE_FAMILY = "1,2";
			};
			name = Release;
		};
		CE4EC6D926CCEA86003B7BF4 /* Debug */ = {
			isa = XCBuildConfiguration;
			baseConfigurationReference = 0B088B13AF5E207D7B4CA200 /* Pods-dicoding-expertTests.debug.xcconfig */;
			buildSettings = {
				ALWAYS_EMBED_SWIFT_STANDARD_LIBRARIES = YES;
				BUNDLE_LOADER = "$(TEST_HOST)";
				CODE_SIGN_STYLE = Automatic;
				INFOPLIST_FILE = "dicoding-expertTests/Info.plist";
				IPHONEOS_DEPLOYMENT_TARGET = 14.0;
				LD_RUNPATH_SEARCH_PATHS = (
					"$(inherited)",
					"@executable_path/Frameworks",
					"@loader_path/Frameworks",
				);
				PRODUCT_BUNDLE_IDENTIFIER = "com.alpha.code.dicoding-expertTests";
				PRODUCT_NAME = "$(TARGET_NAME)";
				SWIFT_VERSION = 5.0;
				TARGETED_DEVICE_FAMILY = "1,2";
				TEST_HOST = "$(BUILT_PRODUCTS_DIR)/dicoding-expert.app/dicoding-expert";
			};
			name = Debug;
		};
		CE4EC6DA26CCEA86003B7BF4 /* Release */ = {
			isa = XCBuildConfiguration;
			baseConfigurationReference = ED95387C5AF5A48458D0CBC2 /* Pods-dicoding-expertTests.release.xcconfig */;
			buildSettings = {
				ALWAYS_EMBED_SWIFT_STANDARD_LIBRARIES = YES;
				BUNDLE_LOADER = "$(TEST_HOST)";
				CODE_SIGN_STYLE = Automatic;
				INFOPLIST_FILE = "dicoding-expertTests/Info.plist";
				IPHONEOS_DEPLOYMENT_TARGET = 14.0;
				LD_RUNPATH_SEARCH_PATHS = (
					"$(inherited)",
					"@executable_path/Frameworks",
					"@loader_path/Frameworks",
				);
				PRODUCT_BUNDLE_IDENTIFIER = "com.alpha.code.dicoding-expertTests";
				PRODUCT_NAME = "$(TARGET_NAME)";
				SWIFT_VERSION = 5.0;
				TARGETED_DEVICE_FAMILY = "1,2";
				TEST_HOST = "$(BUILT_PRODUCTS_DIR)/dicoding-expert.app/dicoding-expert";
			};
			name = Release;
		};
		CE4EC6DC26CCEA86003B7BF4 /* Debug */ = {
			isa = XCBuildConfiguration;
			baseConfigurationReference = 378371E629E038CC45AABD3D /* Pods-dicoding-expert-dicoding-expertUITests.debug.xcconfig */;
			buildSettings = {
				ALWAYS_EMBED_SWIFT_STANDARD_LIBRARIES = YES;
				CODE_SIGN_STYLE = Automatic;
				INFOPLIST_FILE = "dicoding-expertUITests/Info.plist";
				LD_RUNPATH_SEARCH_PATHS = (
					"$(inherited)",
					"@executable_path/Frameworks",
					"@loader_path/Frameworks",
				);
				PRODUCT_BUNDLE_IDENTIFIER = "com.alpha.code.dicoding-expertUITests";
				PRODUCT_NAME = "$(TARGET_NAME)";
				SWIFT_VERSION = 5.0;
				TARGETED_DEVICE_FAMILY = "1,2";
				TEST_TARGET_NAME = "dicoding-expert";
			};
			name = Debug;
		};
		CE4EC6DD26CCEA86003B7BF4 /* Release */ = {
			isa = XCBuildConfiguration;
			baseConfigurationReference = 5CCA3EB57FB86E77694B2EAB /* Pods-dicoding-expert-dicoding-expertUITests.release.xcconfig */;
			buildSettings = {
				ALWAYS_EMBED_SWIFT_STANDARD_LIBRARIES = YES;
				CODE_SIGN_STYLE = Automatic;
				INFOPLIST_FILE = "dicoding-expertUITests/Info.plist";
				LD_RUNPATH_SEARCH_PATHS = (
					"$(inherited)",
					"@executable_path/Frameworks",
					"@loader_path/Frameworks",
				);
				PRODUCT_BUNDLE_IDENTIFIER = "com.alpha.code.dicoding-expertUITests";
				PRODUCT_NAME = "$(TARGET_NAME)";
				SWIFT_VERSION = 5.0;
				TARGETED_DEVICE_FAMILY = "1,2";
				TEST_TARGET_NAME = "dicoding-expert";
			};
			name = Release;
		};
/* End XCBuildConfiguration section */

/* Begin XCConfigurationList section */
		CE4EC6AB26CCEA84003B7BF4 /* Build configuration list for PBXProject "dicoding-expert" */ = {
			isa = XCConfigurationList;
			buildConfigurations = (
				CE4EC6D326CCEA86003B7BF4 /* Debug */,
				CE4EC6D426CCEA86003B7BF4 /* Release */,
			);
			defaultConfigurationIsVisible = 0;
			defaultConfigurationName = Release;
		};
		CE4EC6D526CCEA86003B7BF4 /* Build configuration list for PBXNativeTarget "dicoding-expert" */ = {
			isa = XCConfigurationList;
			buildConfigurations = (
				CE4EC6D626CCEA86003B7BF4 /* Debug */,
				CE4EC6D726CCEA86003B7BF4 /* Release */,
			);
			defaultConfigurationIsVisible = 0;
			defaultConfigurationName = Release;
		};
		CE4EC6D826CCEA86003B7BF4 /* Build configuration list for PBXNativeTarget "dicoding-expertTests" */ = {
			isa = XCConfigurationList;
			buildConfigurations = (
				CE4EC6D926CCEA86003B7BF4 /* Debug */,
				CE4EC6DA26CCEA86003B7BF4 /* Release */,
			);
			defaultConfigurationIsVisible = 0;
			defaultConfigurationName = Release;
		};
		CE4EC6DB26CCEA86003B7BF4 /* Build configuration list for PBXNativeTarget "dicoding-expertUITests" */ = {
			isa = XCConfigurationList;
			buildConfigurations = (
				CE4EC6DC26CCEA86003B7BF4 /* Debug */,
				CE4EC6DD26CCEA86003B7BF4 /* Release */,
			);
			defaultConfigurationIsVisible = 0;
			defaultConfigurationName = Release;
		};
/* End XCConfigurationList section */

/* Begin XCRemoteSwiftPackageReference section */
		CE33FEFB26E25C6100F0AA9A /* XCRemoteSwiftPackageReference "core-dicoding-expert" */ = {
			isa = XCRemoteSwiftPackageReference;
			repositoryURL = "https://github.com/rizkyalfauji11/core-dicoding-expert.git";
			requirement = {
				kind = upToNextMajorVersion;
				minimumVersion = 1.0.0;
			};
		};
		CE435CFC26CE1B4000AFD4D2 /* XCRemoteSwiftPackageReference "realm-cocoa" */ = {
			isa = XCRemoteSwiftPackageReference;
			repositoryURL = "https://github.com/realm/realm-cocoa";
			requirement = {
				kind = upToNextMajorVersion;
				minimumVersion = 10.12.0;
			};
		};
		CE4EC6DE26CCEB7D003B7BF4 /* XCRemoteSwiftPackageReference "Alamofire" */ = {
			isa = XCRemoteSwiftPackageReference;
			repositoryURL = "https://github.com/Alamofire/Alamofire";
			requirement = {
				kind = upToNextMajorVersion;
				minimumVersion = 5.4.3;
			};
		};
		CE4EC6ED26CCEE31003B7BF4 /* XCRemoteSwiftPackageReference "SDWebImageSwiftUI" */ = {
			isa = XCRemoteSwiftPackageReference;
			repositoryURL = "https://github.com/SDWebImage/SDWebImageSwiftUI.git";
			requirement = {
				kind = upToNextMajorVersion;
				minimumVersion = 2.0.2;
			};
		};
/* End XCRemoteSwiftPackageReference section */

/* Begin XCSwiftPackageProductDependency section */
		CE33FEFC26E25C6100F0AA9A /* CorePackage */ = {
			isa = XCSwiftPackageProductDependency;
			package = CE33FEFB26E25C6100F0AA9A /* XCRemoteSwiftPackageReference "core-dicoding-expert" */;
			productName = CorePackage;
		};
		CE4EC6EE26CCEE31003B7BF4 /* SDWebImageSwiftUI */ = {
			isa = XCSwiftPackageProductDependency;
			package = CE4EC6ED26CCEE31003B7BF4 /* XCRemoteSwiftPackageReference "SDWebImageSwiftUI" */;
			productName = SDWebImageSwiftUI;
		};
/* End XCSwiftPackageProductDependency section */
	};
	rootObject = CE4EC6A826CCEA84003B7BF4 /* Project object */;
}
